// !$*UTF8*$!
{
	archiveVersion = 1;
	classes = {
	};
	objectVersion = 50;
	objects = {

/* Begin PBXBuildFile section */
		4DC8AC09234D0BFF0002B2C5 /* AppDelegate.swift in Sources */ = {isa = PBXBuildFile; fileRef = 4DC8AC08234D0BFF0002B2C5 /* AppDelegate.swift */; };
		4DC8AC0B234D0BFF0002B2C5 /* SceneDelegate.swift in Sources */ = {isa = PBXBuildFile; fileRef = 4DC8AC0A234D0BFF0002B2C5 /* SceneDelegate.swift */; };
		4DC8AC0D234D0BFF0002B2C5 /* ViewController.swift in Sources */ = {isa = PBXBuildFile; fileRef = 4DC8AC0C234D0BFF0002B2C5 /* ViewController.swift */; };
		4DC8AC12234D0BFF0002B2C5 /* Assets.xcassets in Resources */ = {isa = PBXBuildFile; fileRef = 4DC8AC11234D0BFF0002B2C5 /* Assets.xcassets */; };
		4DC8AC15234D0BFF0002B2C5 /* LaunchScreen.storyboard in Resources */ = {isa = PBXBuildFile; fileRef = 4DC8AC13234D0BFF0002B2C5 /* LaunchScreen.storyboard */; };
		4DC8AC20234D0BFF0002B2C5 /* ProgrammaticCustomCell_LabTests.swift in Sources */ = {isa = PBXBuildFile; fileRef = 4DC8AC1F234D0BFF0002B2C5 /* ProgrammaticCustomCell_LabTests.swift */; };
		4DC8AC2F234D0DFF0002B2C5 /* AppError.swift in Sources */ = {isa = PBXBuildFile; fileRef = 4DC8AC2E234D0DFF0002B2C5 /* AppError.swift */; };
		4DC8AC31234D0E1F0002B2C5 /* NetworkHelper.swift in Sources */ = {isa = PBXBuildFile; fileRef = 4DC8AC30234D0E1F0002B2C5 /* NetworkHelper.swift */; };
		4DC8AC33234D0E940002B2C5 /* User.swift in Sources */ = {isa = PBXBuildFile; fileRef = 4DC8AC32234D0E940002B2C5 /* User.swift */; };
		4DC8AC35234D109B0002B2C5 /* UserAPIHelper.swift in Sources */ = {isa = PBXBuildFile; fileRef = 4DC8AC34234D109B0002B2C5 /* UserAPIHelper.swift */; };
		4DC8AC37234D12F50002B2C5 /* UserTableViewCell.swift in Sources */ = {isa = PBXBuildFile; fileRef = 4DC8AC36234D12F50002B2C5 /* UserTableViewCell.swift */; };
		4DC8AC39234D19090002B2C5 /* ImageHelper.swift in Sources */ = {isa = PBXBuildFile; fileRef = 4DC8AC38234D19080002B2C5 /* ImageHelper.swift */; };
		4DC8AC3B234D1CAE0002B2C5 /* UserDetailViewController.swift in Sources */ = {isa = PBXBuildFile; fileRef = 4DC8AC3A234D1CAE0002B2C5 /* UserDetailViewController.swift */; };
/* End PBXBuildFile section */

/* Begin PBXContainerItemProxy section */
		4DC8AC1C234D0BFF0002B2C5 /* PBXContainerItemProxy */ = {
			isa = PBXContainerItemProxy;
			containerPortal = 4DC8ABFD234D0BFE0002B2C5 /* Project object */;
			proxyType = 1;
			remoteGlobalIDString = 4DC8AC04234D0BFE0002B2C5;
			remoteInfo = "ProgrammaticCustomCell-Lab";
		};
/* End PBXContainerItemProxy section */

/* Begin PBXFileReference section */
		4DC8AC05234D0BFF0002B2C5 /* ProgrammaticCustomCell-Lab.app */ = {isa = PBXFileReference; explicitFileType = wrapper.application; includeInIndex = 0; path = "ProgrammaticCustomCell-Lab.app"; sourceTree = BUILT_PRODUCTS_DIR; };
		4DC8AC08234D0BFF0002B2C5 /* AppDelegate.swift */ = {isa = PBXFileReference; lastKnownFileType = sourcecode.swift; path = AppDelegate.swift; sourceTree = "<group>"; };
		4DC8AC0A234D0BFF0002B2C5 /* SceneDelegate.swift */ = {isa = PBXFileReference; lastKnownFileType = sourcecode.swift; path = SceneDelegate.swift; sourceTree = "<group>"; };
		4DC8AC0C234D0BFF0002B2C5 /* ViewController.swift */ = {isa = PBXFileReference; lastKnownFileType = sourcecode.swift; path = ViewController.swift; sourceTree = "<group>"; };
		4DC8AC11234D0BFF0002B2C5 /* Assets.xcassets */ = {isa = PBXFileReference; lastKnownFileType = folder.assetcatalog; path = Assets.xcassets; sourceTree = "<group>"; };
		4DC8AC14234D0BFF0002B2C5 /* Base */ = {isa = PBXFileReference; lastKnownFileType = file.storyboard; name = Base; path = Base.lproj/LaunchScreen.storyboard; sourceTree = "<group>"; };
		4DC8AC16234D0BFF0002B2C5 /* Info.plist */ = {isa = PBXFileReference; lastKnownFileType = text.plist.xml; path = Info.plist; sourceTree = "<group>"; };
		4DC8AC1B234D0BFF0002B2C5 /* ProgrammaticCustomCell-LabTests.xctest */ = {isa = PBXFileReference; explicitFileType = wrapper.cfbundle; includeInIndex = 0; path = "ProgrammaticCustomCell-LabTests.xctest"; sourceTree = BUILT_PRODUCTS_DIR; };
		4DC8AC1F234D0BFF0002B2C5 /* ProgrammaticCustomCell_LabTests.swift */ = {isa = PBXFileReference; lastKnownFileType = sourcecode.swift; path = ProgrammaticCustomCell_LabTests.swift; sourceTree = "<group>"; };
		4DC8AC21234D0BFF0002B2C5 /* Info.plist */ = {isa = PBXFileReference; lastKnownFileType = text.plist.xml; path = Info.plist; sourceTree = "<group>"; };
		4DC8AC2E234D0DFF0002B2C5 /* AppError.swift */ = {isa = PBXFileReference; lastKnownFileType = sourcecode.swift; path = AppError.swift; sourceTree = "<group>"; };
		4DC8AC30234D0E1F0002B2C5 /* NetworkHelper.swift */ = {isa = PBXFileReference; lastKnownFileType = sourcecode.swift; path = NetworkHelper.swift; sourceTree = "<group>"; };
		4DC8AC32234D0E940002B2C5 /* User.swift */ = {isa = PBXFileReference; lastKnownFileType = sourcecode.swift; path = User.swift; sourceTree = "<group>"; };
		4DC8AC34234D109B0002B2C5 /* UserAPIHelper.swift */ = {isa = PBXFileReference; lastKnownFileType = sourcecode.swift; path = UserAPIHelper.swift; sourceTree = "<group>"; };
		4DC8AC36234D12F50002B2C5 /* UserTableViewCell.swift */ = {isa = PBXFileReference; lastKnownFileType = sourcecode.swift; path = UserTableViewCell.swift; sourceTree = "<group>"; };
		4DC8AC38234D19080002B2C5 /* ImageHelper.swift */ = {isa = PBXFileReference; lastKnownFileType = sourcecode.swift; path = ImageHelper.swift; sourceTree = "<group>"; };
		4DC8AC3A234D1CAE0002B2C5 /* UserDetailViewController.swift */ = {isa = PBXFileReference; lastKnownFileType = sourcecode.swift; path = UserDetailViewController.swift; sourceTree = "<group>"; };
/* End PBXFileReference section */

/* Begin PBXFrameworksBuildPhase section */
		4DC8AC02234D0BFE0002B2C5 /* Frameworks */ = {
			isa = PBXFrameworksBuildPhase;
			buildActionMask = 2147483647;
			files = (
			);
			runOnlyForDeploymentPostprocessing = 0;
		};
		4DC8AC18234D0BFF0002B2C5 /* Frameworks */ = {
			isa = PBXFrameworksBuildPhase;
			buildActionMask = 2147483647;
			files = (
			);
			runOnlyForDeploymentPostprocessing = 0;
		};
/* End PBXFrameworksBuildPhase section */

/* Begin PBXGroup section */
		4DC8ABFC234D0BFE0002B2C5 = {
			isa = PBXGroup;
			children = (
				4DC8AC07234D0BFF0002B2C5 /* ProgrammaticCustomCell-Lab */,
				4DC8AC1E234D0BFF0002B2C5 /* ProgrammaticCustomCell-LabTests */,
				4DC8AC06234D0BFF0002B2C5 /* Products */,
			);
			sourceTree = "<group>";
		};
		4DC8AC06234D0BFF0002B2C5 /* Products */ = {
			isa = PBXGroup;
			children = (
				4DC8AC05234D0BFF0002B2C5 /* ProgrammaticCustomCell-Lab.app */,
				4DC8AC1B234D0BFF0002B2C5 /* ProgrammaticCustomCell-LabTests.xctest */,
			);
			name = Products;
			sourceTree = "<group>";
		};
		4DC8AC07234D0BFF0002B2C5 /* ProgrammaticCustomCell-Lab */ = {
			isa = PBXGroup;
			children = (
				4DC8AC2D234D0D5A0002B2C5 /* Models */,
				4DC8AC2C234D0D520002B2C5 /* Views */,
				4DC8AC2B234D0D3E0002B2C5 /* Controllers */,
				4DC8AC2A234D0D320002B2C5 /* Supporting Files */,
				4DC8AC11234D0BFF0002B2C5 /* Assets.xcassets */,
				4DC8AC16234D0BFF0002B2C5 /* Info.plist */,
			);
			path = "ProgrammaticCustomCell-Lab";
			sourceTree = "<group>";
		};
		4DC8AC1E234D0BFF0002B2C5 /* ProgrammaticCustomCell-LabTests */ = {
			isa = PBXGroup;
			children = (
				4DC8AC1F234D0BFF0002B2C5 /* ProgrammaticCustomCell_LabTests.swift */,
				4DC8AC21234D0BFF0002B2C5 /* Info.plist */,
			);
			path = "ProgrammaticCustomCell-LabTests";
			sourceTree = "<group>";
		};
		4DC8AC2A234D0D320002B2C5 /* Supporting Files */ = {
			isa = PBXGroup;
			children = (
				4DC8AC08234D0BFF0002B2C5 /* AppDelegate.swift */,
				4DC8AC0A234D0BFF0002B2C5 /* SceneDelegate.swift */,
				4DC8AC13234D0BFF0002B2C5 /* LaunchScreen.storyboard */,
			);
			path = "Supporting Files";
			sourceTree = "<group>";
		};
		4DC8AC2B234D0D3E0002B2C5 /* Controllers */ = {
			isa = PBXGroup;
			children = (
				4DC8AC0C234D0BFF0002B2C5 /* ViewController.swift */,
				4DC8AC3A234D1CAE0002B2C5 /* UserDetailViewController.swift */,
			);
			path = Controllers;
			sourceTree = "<group>";
		};
		4DC8AC2C234D0D520002B2C5 /* Views */ = {
			isa = PBXGroup;
			children = (
				4DC8AC36234D12F50002B2C5 /* UserTableViewCell.swift */,
			);
			path = Views;
			sourceTree = "<group>";
		};
		4DC8AC2D234D0D5A0002B2C5 /* Models */ = {
			isa = PBXGroup;
			children = (
				4DC8AC2E234D0DFF0002B2C5 /* AppError.swift */,
				4DC8AC30234D0E1F0002B2C5 /* NetworkHelper.swift */,
				4DC8AC38234D19080002B2C5 /* ImageHelper.swift */,
				4DC8AC34234D109B0002B2C5 /* UserAPIHelper.swift */,
				4DC8AC32234D0E940002B2C5 /* User.swift */,
			);
			path = Models;
			sourceTree = "<group>";
		};
/* End PBXGroup section */

/* Begin PBXNativeTarget section */
		4DC8AC04234D0BFE0002B2C5 /* ProgrammaticCustomCell-Lab */ = {
			isa = PBXNativeTarget;
			buildConfigurationList = 4DC8AC24234D0BFF0002B2C5 /* Build configuration list for PBXNativeTarget "ProgrammaticCustomCell-Lab" */;
			buildPhases = (
				4DC8AC01234D0BFE0002B2C5 /* Sources */,
				4DC8AC02234D0BFE0002B2C5 /* Frameworks */,
				4DC8AC03234D0BFE0002B2C5 /* Resources */,
			);
			buildRules = (
			);
			dependencies = (
			);
			name = "ProgrammaticCustomCell-Lab";
			productName = "ProgrammaticCustomCell-Lab";
			productReference = 4DC8AC05234D0BFF0002B2C5 /* ProgrammaticCustomCell-Lab.app */;
			productType = "com.apple.product-type.application";
		};
		4DC8AC1A234D0BFF0002B2C5 /* ProgrammaticCustomCell-LabTests */ = {
			isa = PBXNativeTarget;
			buildConfigurationList = 4DC8AC27234D0BFF0002B2C5 /* Build configuration list for PBXNativeTarget "ProgrammaticCustomCell-LabTests" */;
			buildPhases = (
				4DC8AC17234D0BFF0002B2C5 /* Sources */,
				4DC8AC18234D0BFF0002B2C5 /* Frameworks */,
				4DC8AC19234D0BFF0002B2C5 /* Resources */,
			);
			buildRules = (
			);
			dependencies = (
				4DC8AC1D234D0BFF0002B2C5 /* PBXTargetDependency */,
			);
			name = "ProgrammaticCustomCell-LabTests";
			productName = "ProgrammaticCustomCell-LabTests";
			productReference = 4DC8AC1B234D0BFF0002B2C5 /* ProgrammaticCustomCell-LabTests.xctest */;
			productType = "com.apple.product-type.bundle.unit-test";
		};
/* End PBXNativeTarget section */

/* Begin PBXProject section */
		4DC8ABFD234D0BFE0002B2C5 /* Project object */ = {
			isa = PBXProject;
			attributes = {
				LastSwiftUpdateCheck = 1100;
				LastUpgradeCheck = 1100;
				ORGANIZATIONNAME = "Angela Garrovillas";
				TargetAttributes = {
					4DC8AC04234D0BFE0002B2C5 = {
						CreatedOnToolsVersion = 11.0;
					};
					4DC8AC1A234D0BFF0002B2C5 = {
						CreatedOnToolsVersion = 11.0;
						TestTargetID = 4DC8AC04234D0BFE0002B2C5;
					};
				};
			};
			buildConfigurationList = 4DC8AC00234D0BFE0002B2C5 /* Build configuration list for PBXProject "ProgrammaticCustomCell-Lab" */;
			compatibilityVersion = "Xcode 9.3";
			developmentRegion = en;
			hasScannedForEncodings = 0;
			knownRegions = (
				en,
				Base,
			);
			mainGroup = 4DC8ABFC234D0BFE0002B2C5;
			productRefGroup = 4DC8AC06234D0BFF0002B2C5 /* Products */;
			projectDirPath = "";
			projectRoot = "";
			targets = (
				4DC8AC04234D0BFE0002B2C5 /* ProgrammaticCustomCell-Lab */,
				4DC8AC1A234D0BFF0002B2C5 /* ProgrammaticCustomCell-LabTests */,
			);
		};
/* End PBXProject section */

/* Begin PBXResourcesBuildPhase section */
		4DC8AC03234D0BFE0002B2C5 /* Resources */ = {
			isa = PBXResourcesBuildPhase;
			buildActionMask = 2147483647;
			files = (
				4DC8AC15234D0BFF0002B2C5 /* LaunchScreen.storyboard in Resources */,
				4DC8AC12234D0BFF0002B2C5 /* Assets.xcassets in Resources */,
			);
			runOnlyForDeploymentPostprocessing = 0;
		};
		4DC8AC19234D0BFF0002B2C5 /* Resources */ = {
			isa = PBXResourcesBuildPhase;
			buildActionMask = 2147483647;
			files = (
			);
			runOnlyForDeploymentPostprocessing = 0;
		};
/* End PBXResourcesBuildPhase section */

/* Begin PBXSourcesBuildPhase section */
		4DC8AC01234D0BFE0002B2C5 /* Sources */ = {
			isa = PBXSourcesBuildPhase;
			buildActionMask = 2147483647;
			files = (
				4DC8AC2F234D0DFF0002B2C5 /* AppError.swift in Sources */,
				4DC8AC0D234D0BFF0002B2C5 /* ViewController.swift in Sources */,
				4DC8AC39234D19090002B2C5 /* ImageHelper.swift in Sources */,
				4DC8AC33234D0E940002B2C5 /* User.swift in Sources */,
				4DC8AC31234D0E1F0002B2C5 /* NetworkHelper.swift in Sources */,
				4DC8AC37234D12F50002B2C5 /* UserTableViewCell.swift in Sources */,
				4DC8AC3B234D1CAE0002B2C5 /* UserDetailViewController.swift in Sources */,
				4DC8AC09234D0BFF0002B2C5 /* AppDelegate.swift in Sources */,
				4DC8AC35234D109B0002B2C5 /* UserAPIHelper.swift in Sources */,
				4DC8AC0B234D0BFF0002B2C5 /* SceneDelegate.swift in Sources */,
			);
			runOnlyForDeploymentPostprocessing = 0;
		};
		4DC8AC17234D0BFF0002B2C5 /* Sources */ = {
			isa = PBXSourcesBuildPhase;
			buildActionMask = 2147483647;
			files = (
				4DC8AC20234D0BFF0002B2C5 /* ProgrammaticCustomCell_LabTests.swift in Sources */,
			);
			runOnlyForDeploymentPostprocessing = 0;
		};
/* End PBXSourcesBuildPhase section */

/* Begin PBXTargetDependency section */
		4DC8AC1D234D0BFF0002B2C5 /* PBXTargetDependency */ = {
			isa = PBXTargetDependency;
			target = 4DC8AC04234D0BFE0002B2C5 /* ProgrammaticCustomCell-Lab */;
			targetProxy = 4DC8AC1C234D0BFF0002B2C5 /* PBXContainerItemProxy */;
		};
/* End PBXTargetDependency section */

/* Begin PBXVariantGroup section */
		4DC8AC13234D0BFF0002B2C5 /* LaunchScreen.storyboard */ = {
			isa = PBXVariantGroup;
			children = (
				4DC8AC14234D0BFF0002B2C5 /* Base */,
			);
			name = LaunchScreen.storyboard;
			sourceTree = "<group>";
		};
/* End PBXVariantGroup section */

/* Begin XCBuildConfiguration section */
		4DC8AC22234D0BFF0002B2C5 /* Debug */ = {
			isa = XCBuildConfiguration;
			buildSettings = {
				ALWAYS_SEARCH_USER_PATHS = NO;
				CLANG_ANALYZER_NONNULL = YES;
				CLANG_ANALYZER_NUMBER_OBJECT_CONVERSION = YES_AGGRESSIVE;
				CLANG_CXX_LANGUAGE_STANDARD = "gnu++14";
				CLANG_CXX_LIBRARY = "libc++";
				CLANG_ENABLE_MODULES = YES;
				CLANG_ENABLE_OBJC_ARC = YES;
				CLANG_ENABLE_OBJC_WEAK = YES;
				CLANG_WARN_BLOCK_CAPTURE_AUTORELEASING = YES;
				CLANG_WARN_BOOL_CONVERSION = YES;
				CLANG_WARN_COMMA = YES;
				CLANG_WARN_CONSTANT_CONVERSION = YES;
				CLANG_WARN_DEPRECATED_OBJC_IMPLEMENTATIONS = YES;
				CLANG_WARN_DIRECT_OBJC_ISA_USAGE = YES_ERROR;
				CLANG_WARN_DOCUMENTATION_COMMENTS = YES;
				CLANG_WARN_EMPTY_BODY = YES;
				CLANG_WARN_ENUM_CONVERSION = YES;
				CLANG_WARN_INFINITE_RECURSION = YES;
				CLANG_WARN_INT_CONVERSION = YES;
				CLANG_WARN_NON_LITERAL_NULL_CONVERSION = YES;
				CLANG_WARN_OBJC_IMPLICIT_RETAIN_SELF = YES;
				CLANG_WARN_OBJC_LITERAL_CONVERSION = YES;
				CLANG_WARN_OBJC_ROOT_CLASS = YES_ERROR;
				CLANG_WARN_RANGE_LOOP_ANALYSIS = YES;
				CLANG_WARN_STRICT_PROTOTYPES = YES;
				CLANG_WARN_SUSPICIOUS_MOVE = YES;
				CLANG_WARN_UNGUARDED_AVAILABILITY = YES_AGGRESSIVE;
				CLANG_WARN_UNREACHABLE_CODE = YES;
				CLANG_WARN__DUPLICATE_METHOD_MATCH = YES;
				COPY_PHASE_STRIP = NO;
				DEBUG_INFORMATION_FORMAT = dwarf;
				ENABLE_STRICT_OBJC_MSGSEND = YES;
				ENABLE_TESTABILITY = YES;
				GCC_C_LANGUAGE_STANDARD = gnu11;
				GCC_DYNAMIC_NO_PIC = NO;
				GCC_NO_COMMON_BLOCKS = YES;
				GCC_OPTIMIZATION_LEVEL = 0;
				GCC_PREPROCESSOR_DEFINITIONS = (
					"DEBUG=1",
					"$(inherited)",
				);
				GCC_WARN_64_TO_32_BIT_CONVERSION = YES;
				GCC_WARN_ABOUT_RETURN_TYPE = YES_ERROR;
				GCC_WARN_UNDECLARED_SELECTOR = YES;
				GCC_WARN_UNINITIALIZED_AUTOS = YES_AGGRESSIVE;
				GCC_WARN_UNUSED_FUNCTION = YES;
				GCC_WARN_UNUSED_VARIABLE = YES;
				IPHONEOS_DEPLOYMENT_TARGET = 13.0;
				MTL_ENABLE_DEBUG_INFO = INCLUDE_SOURCE;
				MTL_FAST_MATH = YES;
				ONLY_ACTIVE_ARCH = YES;
				SDKROOT = iphoneos;
				SWIFT_ACTIVE_COMPILATION_CONDITIONS = DEBUG;
				SWIFT_OPTIMIZATION_LEVEL = "-Onone";
			};
			name = Debug;
		};
		4DC8AC23234D0BFF0002B2C5 /* Release */ = {
			isa = XCBuildConfiguration;
			buildSettings = {
				ALWAYS_SEARCH_USER_PATHS = NO;
				CLANG_ANALYZER_NONNULL = YES;
				CLANG_ANALYZER_NUMBER_OBJECT_CONVERSION = YES_AGGRESSIVE;
				CLANG_CXX_LANGUAGE_STANDARD = "gnu++14";
				CLANG_CXX_LIBRARY = "libc++";
				CLANG_ENABLE_MODULES = YES;
				CLANG_ENABLE_OBJC_ARC = YES;
				CLANG_ENABLE_OBJC_WEAK = YES;
				CLANG_WARN_BLOCK_CAPTURE_AUTORELEASING = YES;
				CLANG_WARN_BOOL_CONVERSION = YES;
				CLANG_WARN_COMMA = YES;
				CLANG_WARN_CONSTANT_CONVERSION = YES;
				CLANG_WARN_DEPRECATED_OBJC_IMPLEMENTATIONS = YES;
				CLANG_WARN_DIRECT_OBJC_ISA_USAGE = YES_ERROR;
				CLANG_WARN_DOCUMENTATION_COMMENTS = YES;
				CLANG_WARN_EMPTY_BODY = YES;
				CLANG_WARN_ENUM_CONVERSION = YES;
				CLANG_WARN_INFINITE_RECURSION = YES;
				CLANG_WARN_INT_CONVERSION = YES;
				CLANG_WARN_NON_LITERAL_NULL_CONVERSION = YES;
				CLANG_WARN_OBJC_IMPLICIT_RETAIN_SELF = YES;
				CLANG_WARN_OBJC_LITERAL_CONVERSION = YES;
				CLANG_WARN_OBJC_ROOT_CLASS = YES_ERROR;
				CLANG_WARN_RANGE_LOOP_ANALYSIS = YES;
				CLANG_WARN_STRICT_PROTOTYPES = YES;
				CLANG_WARN_SUSPICIOUS_MOVE = YES;
				CLANG_WARN_UNGUARDED_AVAILABILITY = YES_AGGRESSIVE;
				CLANG_WARN_UNREACHABLE_CODE = YES;
				CLANG_WARN__DUPLICATE_METHOD_MATCH = YES;
				COPY_PHASE_STRIP = NO;
				DEBUG_INFORMATION_FORMAT = "dwarf-with-dsym";
				ENABLE_NS_ASSERTIONS = NO;
				ENABLE_STRICT_OBJC_MSGSEND = YES;
				GCC_C_LANGUAGE_STANDARD = gnu11;
				GCC_NO_COMMON_BLOCKS = YES;
				GCC_WARN_64_TO_32_BIT_CONVERSION = YES;
				GCC_WARN_ABOUT_RETURN_TYPE = YES_ERROR;
				GCC_WARN_UNDECLARED_SELECTOR = YES;
				GCC_WARN_UNINITIALIZED_AUTOS = YES_AGGRESSIVE;
				GCC_WARN_UNUSED_FUNCTION = YES;
				GCC_WARN_UNUSED_VARIABLE = YES;
				IPHONEOS_DEPLOYMENT_TARGET = 13.0;
				MTL_ENABLE_DEBUG_INFO = NO;
				MTL_FAST_MATH = YES;
				SDKROOT = iphoneos;
				SWIFT_COMPILATION_MODE = wholemodule;
				SWIFT_OPTIMIZATION_LEVEL = "-O";
				VALIDATE_PRODUCT = YES;
			};
			name = Release;
		};
		4DC8AC25234D0BFF0002B2C5 /* Debug */ = {
			isa = XCBuildConfiguration;
			buildSettings = {
				ASSETCATALOG_COMPILER_APPICON_NAME = AppIcon;
				CODE_SIGN_STYLE = Automatic;
				INFOPLIST_FILE = "ProgrammaticCustomCell-Lab/Info.plist";
				LD_RUNPATH_SEARCH_PATHS = (
					"$(inherited)",
					"@executable_path/Frameworks",
				);
				PRODUCT_BUNDLE_IDENTIFIER = "flPafRsnOsJ.ProgrammaticCustomCell-Lab";
				PRODUCT_NAME = "$(TARGET_NAME)";
				SWIFT_VERSION = 5.0;
				TARGETED_DEVICE_FAMILY = "1,2";
			};
			name = Debug;
		};
		4DC8AC26234D0BFF0002B2C5 /* Release */ = {
			isa = XCBuildConfiguration;
			buildSettings = {
				ASSETCATALOG_COMPILER_APPICON_NAME = AppIcon;
				CODE_SIGN_STYLE = Automatic;
				INFOPLIST_FILE = "ProgrammaticCustomCell-Lab/Info.plist";
				LD_RUNPATH_SEARCH_PATHS = (
					"$(inherited)",
					"@executable_path/Frameworks",
				);
				PRODUCT_BUNDLE_IDENTIFIER = "flPafRsnOsJ.ProgrammaticCustomCell-Lab";
				PRODUCT_NAME = "$(TARGET_NAME)";
				SWIFT_VERSION = 5.0;
				TARGETED_DEVICE_FAMILY = "1,2";
			};
			name = Release;
		};
		4DC8AC28234D0BFF0002B2C5 /* Debug */ = {
			isa = XCBuildConfiguration;
			buildSettings = {
				ALWAYS_EMBED_SWIFT_STANDARD_LIBRARIES = YES;
				BUNDLE_LOADER = "$(TEST_HOST)";
				CODE_SIGN_STYLE = Automatic;
				INFOPLIST_FILE = "ProgrammaticCustomCell-LabTests/Info.plist";
				IPHONEOS_DEPLOYMENT_TARGET = 13.0;
				LD_RUNPATH_SEARCH_PATHS = (
					"$(inherited)",
					"@executable_path/Frameworks",
					"@loader_path/Frameworks",
				);
				PRODUCT_BUNDLE_IDENTIFIER = "flPafRsnOsJ.ProgrammaticCustomCell-LabTests";
				PRODUCT_NAME = "$(TARGET_NAME)";
				SWIFT_VERSION = 5.0;
				TARGETED_DEVICE_FAMILY = "1,2";
				TEST_HOST = "$(BUILT_PRODUCTS_DIR)/ProgrammaticCustomCell-Lab.app/ProgrammaticCustomCell-Lab";
			};
			name = Debug;
		};
		4DC8AC29234D0BFF0002B2C5 /* Release */ = {
			isa = XCBuildConfiguration;
			buildSettings = {
				ALWAYS_EMBED_SWIFT_STANDARD_LIBRARIES = YES;
				BUNDLE_LOADER = "$(TEST_HOST)";
				CODE_SIGN_STYLE = Automatic;
				INFOPLIST_FILE = "ProgrammaticCustomCell-LabTests/Info.plist";
				IPHONEOS_DEPLOYMENT_TARGET = 13.0;
				LD_RUNPATH_SEARCH_PATHS = (
					"$(inherited)",
					"@executable_path/Frameworks",
					"@loader_path/Frameworks",
				);
				PRODUCT_BUNDLE_IDENTIFIER = "flPafRsnOsJ.ProgrammaticCustomCell-LabTests";
				PRODUCT_NAME = "$(TARGET_NAME)";
				SWIFT_VERSION = 5.0;
				TARGETED_DEVICE_FAMILY = "1,2";
				TEST_HOST = "$(BUILT_PRODUCTS_DIR)/ProgrammaticCustomCell-Lab.app/ProgrammaticCustomCell-Lab";
			};
			name = Release;
		};
/* End XCBuildConfiguration section */

/* Begin XCConfigurationList section */
		4DC8AC00234D0BFE0002B2C5 /* Build configuration list for PBXProject "ProgrammaticCustomCell-Lab" */ = {
			isa = XCConfigurationList;
			buildConfigurations = (
				4DC8AC22234D0BFF0002B2C5 /* Debug */,
				4DC8AC23234D0BFF0002B2C5 /* Release */,
			);
			defaultConfigurationIsVisible = 0;
			defaultConfigurationName = Release;
		};
		4DC8AC24234D0BFF0002B2C5 /* Build configuration list for PBXNativeTarget "ProgrammaticCustomCell-Lab" */ = {
			isa = XCConfigurationList;
			buildConfigurations = (
				4DC8AC25234D0BFF0002B2C5 /* Debug */,
				4DC8AC26234D0BFF0002B2C5 /* Release */,
			);
			defaultConfigurationIsVisible = 0;
			defaultConfigurationName = Release;
		};
		4DC8AC27234D0BFF0002B2C5 /* Build configuration list for PBXNativeTarget "ProgrammaticCustomCell-LabTests" */ = {
			isa = XCConfigurationList;
			buildConfigurations = (
				4DC8AC28234D0BFF0002B2C5 /* Debug */,
				4DC8AC29234D0BFF0002B2C5 /* Release */,
			);
			defaultConfigurationIsVisible = 0;
			defaultConfigurationName = Release;
		};
/* End XCConfigurationList section */
	};
	rootObject = 4DC8ABFD234D0BFE0002B2C5 /* Project object */;
}
